
Microsoft Visual Studio Solution File, Format Version 12.00
# Visual Studio Version 17
VisualStudioVersion = 17.5.002.0
MinimumVisualStudioVersion = 10.0.40219.1
Project("{9A19103F-16F7-4668-BE54-9A1E7A4F7556}") = "trilha-net-azure-desafio", "trilha-net-azure-desafio.csproj", "{30266F10-600D-4C5E-82C6-FE10A59756D8}"
EndProject
Global
	GlobalSection(SolutionConfigurationPlatforms) = preSolution
		Debug|Any CPU = Debug|Any CPU
		Release|Any CPU = Release|Any CPU
	EndGlobalSection
	GlobalSection(ProjectConfigurationPlatforms) = postSolution
		{30266F10-600D-4C5E-82C6-FE10A59756D8}.Debug|Any CPU.ActiveCfg = Debug|Any CPU
		{30266F10-600D-4C5E-82C6-FE10A59756D8}.Debug|Any CPU.Build.0 = Debug|Any CPU
		{30266F10-600D-4C5E-82C6-FE10A59756D8}.Release|Any CPU.ActiveCfg = Release|Any CPU
		{30266F10-600D-4C5E-82C6-FE10A59756D8}.Release|Any CPU.Build.0 = Release|Any CPU
	EndGlobalSection
	GlobalSection(SolutionProperties) = preSolution
		HideSolutionNode = FALSE
	EndGlobalSection
	GlobalSection(ExtensibilityGlobals) = postSolution
		SolutionGuid = {7ECF22D1-B4C1-4456-8027-8396729E4536}
	EndGlobalSection
EndGlobal
